// !$*UTF8*$!
{
	archiveVersion = 1;
	classes = {
	};
	objectVersion = 50;
	objects = {

/* Begin PBXBuildFile section */
		939A6E4DFFB2075B03A92875 /* Pods_ABFlowTests.framework in Frameworks */ = {isa = PBXBuildFile; fileRef = F8292E70E79674EE5146D64F /* Pods_ABFlowTests.framework */; };
		9B52857921E70300008A75D5 /* Playlist.swift in Sources */ = {isa = PBXBuildFile; fileRef = 9B52857821E70300008A75D5 /* Playlist.swift */; };
		9B52857B21E7032E008A75D5 /* PlaylistsViewController.swift in Sources */ = {isa = PBXBuildFile; fileRef = 9B52857A21E7032E008A75D5 /* PlaylistsViewController.swift */; };
		9B52859B21E8707B008A75D5 /* TracksViewController.swift in Sources */ = {isa = PBXBuildFile; fileRef = 9B52859A21E8707B008A75D5 /* TracksViewController.swift */; };
		9B52859E21E99B68008A75D5 /* InfoPlist.strings in Resources */ = {isa = PBXBuildFile; fileRef = 9B5285A021E99B68008A75D5 /* InfoPlist.strings */; };
		9B5285A421E99E68008A75D5 /* Localizable.strings in Resources */ = {isa = PBXBuildFile; fileRef = 9B5285A621E99E68008A75D5 /* Localizable.strings */; };
		9B5285A921E9A9C5008A75D5 /* Track.swift in Sources */ = {isa = PBXBuildFile; fileRef = 9B5285A821E9A9C5008A75D5 /* Track.swift */; };
		9B5285AB21E9AE4A008A75D5 /* EditTrackViewController.swift in Sources */ = {isa = PBXBuildFile; fileRef = 9B5285AA21E9AE4A008A75D5 /* EditTrackViewController.swift */; };
		9B5285AD21E9B963008A75D5 /* Color.swift in Sources */ = {isa = PBXBuildFile; fileRef = 9B5285AC21E9B963008A75D5 /* Color.swift */; };
		9B5285B121EA03FC008A75D5 /* Util.swift in Sources */ = {isa = PBXBuildFile; fileRef = 9B5285B021EA03FC008A75D5 /* Util.swift */; };
		9B5285B321EAA958008A75D5 /* ItemCell.swift in Sources */ = {isa = PBXBuildFile; fileRef = 9B5285B221EAA958008A75D5 /* ItemCell.swift */; };
		9B5285B521EAB624008A75D5 /* NavigationController.swift in Sources */ = {isa = PBXBuildFile; fileRef = 9B5285B421EAB624008A75D5 /* NavigationController.swift */; };
		9B5285B721EACB7E008A75D5 /* BackgroundPlayer.swift in Sources */ = {isa = PBXBuildFile; fileRef = 9B5285B621EACB7E008A75D5 /* BackgroundPlayer.swift */; };
		9B5285B921ECCF49008A75D5 /* PlaylistBar.swift in Sources */ = {isa = PBXBuildFile; fileRef = 9B5285B821ECCF49008A75D5 /* PlaylistBar.swift */; };
		9B5285BB21ED8DE2008A75D5 /* PlaylistModalViewController.swift in Sources */ = {isa = PBXBuildFile; fileRef = 9B5285BA21ED8DE2008A75D5 /* PlaylistModalViewController.swift */; };
		9B5285C021EECF47008A75D5 /* track1.m4a in Resources */ = {isa = PBXBuildFile; fileRef = 9B5285BF21EECDE6008A75D5 /* track1.m4a */; };
		9B5285C121EECF50008A75D5 /* track2.m4a in Resources */ = {isa = PBXBuildFile; fileRef = 9B5285BE21EECDE6008A75D5 /* track2.m4a */; };
		9B5285C221EECF53008A75D5 /* track3.m4a in Resources */ = {isa = PBXBuildFile; fileRef = 9B5285BD21EECDE6008A75D5 /* track3.m4a */; };
		9B5FDD8A21F3668F00B6E5A7 /* Settings.swift in Sources */ = {isa = PBXBuildFile; fileRef = 9B5FDD8921F3668F00B6E5A7 /* Settings.swift */; };
		9B6F725021E490AB00538D25 /* AppDelegate.swift in Sources */ = {isa = PBXBuildFile; fileRef = 9B6F724F21E490AB00538D25 /* AppDelegate.swift */; };
		9B6F725721E490AD00538D25 /* Assets.xcassets in Resources */ = {isa = PBXBuildFile; fileRef = 9B6F725621E490AD00538D25 /* Assets.xcassets */; };
		9B6F725A21E490AD00538D25 /* LaunchScreen.storyboard in Resources */ = {isa = PBXBuildFile; fileRef = 9B6F725821E490AD00538D25 /* LaunchScreen.storyboard */; };
		9B6F726521E490AD00538D25 /* ABFlowTests.swift in Sources */ = {isa = PBXBuildFile; fileRef = 9B6F726421E490AD00538D25 /* ABFlowTests.swift */; };
		9BA44435220AB1E400F6FA36 /* track4.m4a in Resources */ = {isa = PBXBuildFile; fileRef = 9BA44434220AB1E400F6FA36 /* track4.m4a */; };
		A2726CBBF45F388B49CAE68A /* Pods_ABFlow.framework in Frameworks */ = {isa = PBXBuildFile; fileRef = F0DEFAD6EBE513723648B9E5 /* Pods_ABFlow.framework */; };
/* End PBXBuildFile section */

/* Begin PBXContainerItemProxy section */
		9B6F726121E490AD00538D25 /* PBXContainerItemProxy */ = {
			isa = PBXContainerItemProxy;
			containerPortal = 9B6F724421E490AB00538D25 /* Project object */;
			proxyType = 1;
			remoteGlobalIDString = 9B6F724B21E490AB00538D25;
			remoteInfo = ABFlow;
		};
/* End PBXContainerItemProxy section */

/* Begin PBXFileReference section */
		1B8B47AC18EEF28628C07AE5 /* Pods-ABFlowTests.release.xcconfig */ = {isa = PBXFileReference; includeInIndex = 1; lastKnownFileType = text.xcconfig; name = "Pods-ABFlowTests.release.xcconfig"; path = "Pods/Target Support Files/Pods-ABFlowTests/Pods-ABFlowTests.release.xcconfig"; sourceTree = "<group>"; };
		2245E034B652A7F2384BB0DA /* Pods-ABFlow.debug.xcconfig */ = {isa = PBXFileReference; includeInIndex = 1; lastKnownFileType = text.xcconfig; name = "Pods-ABFlow.debug.xcconfig"; path = "Pods/Target Support Files/Pods-ABFlow/Pods-ABFlow.debug.xcconfig"; sourceTree = "<group>"; };
		320B61B15339526FE3D668A6 /* Pods-ABFlow.release.xcconfig */ = {isa = PBXFileReference; includeInIndex = 1; lastKnownFileType = text.xcconfig; name = "Pods-ABFlow.release.xcconfig"; path = "Pods/Target Support Files/Pods-ABFlow/Pods-ABFlow.release.xcconfig"; sourceTree = "<group>"; };
		9B1CE72021F9FBB700F0A18A /* .swiftlint.yml */ = {isa = PBXFileReference; lastKnownFileType = text; path = .swiftlint.yml; sourceTree = "<group>"; };
		9B52857821E70300008A75D5 /* Playlist.swift */ = {isa = PBXFileReference; lastKnownFileType = sourcecode.swift; path = Playlist.swift; sourceTree = "<group>"; };
		9B52857A21E7032E008A75D5 /* PlaylistsViewController.swift */ = {isa = PBXFileReference; lastKnownFileType = sourcecode.swift; path = PlaylistsViewController.swift; sourceTree = "<group>"; };
		9B52859A21E8707B008A75D5 /* TracksViewController.swift */ = {isa = PBXFileReference; lastKnownFileType = sourcecode.swift; path = TracksViewController.swift; sourceTree = "<group>"; };
		9B52859F21E99B68008A75D5 /* en */ = {isa = PBXFileReference; lastKnownFileType = text.plist.strings; name = en; path = en.lproj/InfoPlist.strings; sourceTree = "<group>"; };
		9B5285A121E99B76008A75D5 /* ja */ = {isa = PBXFileReference; lastKnownFileType = text.plist.strings; name = ja; path = ja.lproj/InfoPlist.strings; sourceTree = "<group>"; };
		9B5285A521E99E68008A75D5 /* en */ = {isa = PBXFileReference; lastKnownFileType = text.plist.strings; name = en; path = en.lproj/Localizable.strings; sourceTree = "<group>"; };
		9B5285A721E99E69008A75D5 /* ja */ = {isa = PBXFileReference; lastKnownFileType = text.plist.strings; name = ja; path = ja.lproj/Localizable.strings; sourceTree = "<group>"; };
		9B5285A821E9A9C5008A75D5 /* Track.swift */ = {isa = PBXFileReference; lastKnownFileType = sourcecode.swift; path = Track.swift; sourceTree = "<group>"; };
		9B5285AA21E9AE4A008A75D5 /* EditTrackViewController.swift */ = {isa = PBXFileReference; lastKnownFileType = sourcecode.swift; path = EditTrackViewController.swift; sourceTree = "<group>"; };
		9B5285AC21E9B963008A75D5 /* Color.swift */ = {isa = PBXFileReference; lastKnownFileType = sourcecode.swift; path = Color.swift; sourceTree = "<group>"; };
		9B5285B021EA03FC008A75D5 /* Util.swift */ = {isa = PBXFileReference; lastKnownFileType = sourcecode.swift; path = Util.swift; sourceTree = "<group>"; };
		9B5285B221EAA958008A75D5 /* ItemCell.swift */ = {isa = PBXFileReference; lastKnownFileType = sourcecode.swift; path = ItemCell.swift; sourceTree = "<group>"; };
		9B5285B421EAB624008A75D5 /* NavigationController.swift */ = {isa = PBXFileReference; lastKnownFileType = sourcecode.swift; path = NavigationController.swift; sourceTree = "<group>"; };
		9B5285B621EACB7E008A75D5 /* BackgroundPlayer.swift */ = {isa = PBXFileReference; lastKnownFileType = sourcecode.swift; path = BackgroundPlayer.swift; sourceTree = "<group>"; };
		9B5285B821ECCF49008A75D5 /* PlaylistBar.swift */ = {isa = PBXFileReference; lastKnownFileType = sourcecode.swift; path = PlaylistBar.swift; sourceTree = "<group>"; };
		9B5285BA21ED8DE2008A75D5 /* PlaylistModalViewController.swift */ = {isa = PBXFileReference; lastKnownFileType = sourcecode.swift; path = PlaylistModalViewController.swift; sourceTree = "<group>"; };
		9B5285BD21EECDE6008A75D5 /* track3.m4a */ = {isa = PBXFileReference; lastKnownFileType = file; name = track3.m4a; path = ABFlow/Assets/track3.m4a; sourceTree = SOURCE_ROOT; };
		9B5285BE21EECDE6008A75D5 /* track2.m4a */ = {isa = PBXFileReference; lastKnownFileType = file; name = track2.m4a; path = ABFlow/Assets/track2.m4a; sourceTree = SOURCE_ROOT; };
		9B5285BF21EECDE6008A75D5 /* track1.m4a */ = {isa = PBXFileReference; lastKnownFileType = file; name = track1.m4a; path = ABFlow/Assets/track1.m4a; sourceTree = SOURCE_ROOT; };
		9B5FDD8921F3668F00B6E5A7 /* Settings.swift */ = {isa = PBXFileReference; lastKnownFileType = sourcecode.swift; path = Settings.swift; sourceTree = "<group>"; };
		9B6F724C21E490AB00538D25 /* ABFlow.app */ = {isa = PBXFileReference; explicitFileType = wrapper.application; includeInIndex = 0; path = ABFlow.app; sourceTree = BUILT_PRODUCTS_DIR; };
		9B6F724F21E490AB00538D25 /* AppDelegate.swift */ = {isa = PBXFileReference; lastKnownFileType = sourcecode.swift; path = AppDelegate.swift; sourceTree = "<group>"; };
		9B6F725621E490AD00538D25 /* Assets.xcassets */ = {isa = PBXFileReference; lastKnownFileType = folder.assetcatalog; path = Assets.xcassets; sourceTree = "<group>"; };
		9B6F725921E490AD00538D25 /* Base */ = {isa = PBXFileReference; lastKnownFileType = file.storyboard; name = Base; path = Base.lproj/LaunchScreen.storyboard; sourceTree = "<group>"; };
		9B6F725B21E490AD00538D25 /* Info.plist */ = {isa = PBXFileReference; lastKnownFileType = text.plist.xml; path = Info.plist; sourceTree = "<group>"; };
		9B6F726021E490AD00538D25 /* ABFlowTests.xctest */ = {isa = PBXFileReference; explicitFileType = wrapper.cfbundle; includeInIndex = 0; path = ABFlowTests.xctest; sourceTree = BUILT_PRODUCTS_DIR; };
		9B6F726421E490AD00538D25 /* ABFlowTests.swift */ = {isa = PBXFileReference; lastKnownFileType = sourcecode.swift; path = ABFlowTests.swift; sourceTree = "<group>"; };
		9B6F726621E490AD00538D25 /* Info.plist */ = {isa = PBXFileReference; lastKnownFileType = text.plist.xml; path = Info.plist; sourceTree = "<group>"; };
		9BA44434220AB1E400F6FA36 /* track4.m4a */ = {isa = PBXFileReference; lastKnownFileType = file; path = track4.m4a; sourceTree = "<group>"; };
		AB1730157652D417D8EB9B07 /* Pods-ABFlowTests.debug.xcconfig */ = {isa = PBXFileReference; includeInIndex = 1; lastKnownFileType = text.xcconfig; name = "Pods-ABFlowTests.debug.xcconfig"; path = "Pods/Target Support Files/Pods-ABFlowTests/Pods-ABFlowTests.debug.xcconfig"; sourceTree = "<group>"; };
		F0DEFAD6EBE513723648B9E5 /* Pods_ABFlow.framework */ = {isa = PBXFileReference; explicitFileType = wrapper.framework; includeInIndex = 0; path = Pods_ABFlow.framework; sourceTree = BUILT_PRODUCTS_DIR; };
		F8292E70E79674EE5146D64F /* Pods_ABFlowTests.framework */ = {isa = PBXFileReference; explicitFileType = wrapper.framework; includeInIndex = 0; path = Pods_ABFlowTests.framework; sourceTree = BUILT_PRODUCTS_DIR; };
/* End PBXFileReference section */

/* Begin PBXFrameworksBuildPhase section */
		9B6F724921E490AB00538D25 /* Frameworks */ = {
			isa = PBXFrameworksBuildPhase;
			buildActionMask = 2147483647;
			files = (
				A2726CBBF45F388B49CAE68A /* Pods_ABFlow.framework in Frameworks */,
			);
			runOnlyForDeploymentPostprocessing = 0;
		};
		9B6F725D21E490AD00538D25 /* Frameworks */ = {
			isa = PBXFrameworksBuildPhase;
			buildActionMask = 2147483647;
			files = (
				939A6E4DFFB2075B03A92875 /* Pods_ABFlowTests.framework in Frameworks */,
			);
			runOnlyForDeploymentPostprocessing = 0;
		};
/* End PBXFrameworksBuildPhase section */

/* Begin PBXGroup section */
		29A00EE8B921385039DB6E26 /* Pods */ = {
			isa = PBXGroup;
			children = (
				2245E034B652A7F2384BB0DA /* Pods-ABFlow.debug.xcconfig */,
				320B61B15339526FE3D668A6 /* Pods-ABFlow.release.xcconfig */,
				AB1730157652D417D8EB9B07 /* Pods-ABFlowTests.debug.xcconfig */,
				1B8B47AC18EEF28628C07AE5 /* Pods-ABFlowTests.release.xcconfig */,
			);
			name = Pods;
			sourceTree = "<group>";
		};
		9B52857521E702D7008A75D5 /* Controllers */ = {
			isa = PBXGroup;
			children = (
				9B5285B421EAB624008A75D5 /* NavigationController.swift */,
				9B52857A21E7032E008A75D5 /* PlaylistsViewController.swift */,
				9B52859A21E8707B008A75D5 /* TracksViewController.swift */,
				9B5285AA21E9AE4A008A75D5 /* EditTrackViewController.swift */,
				9B5285BA21ED8DE2008A75D5 /* PlaylistModalViewController.swift */,
			);
			path = Controllers;
			sourceTree = "<group>";
		};
		9B52857621E702DF008A75D5 /* Models */ = {
			isa = PBXGroup;
			children = (
				9B52857821E70300008A75D5 /* Playlist.swift */,
				9B5285A821E9A9C5008A75D5 /* Track.swift */,
				9B5285AC21E9B963008A75D5 /* Color.swift */,
				9B5285B021EA03FC008A75D5 /* Util.swift */,
				9B5285B621EACB7E008A75D5 /* BackgroundPlayer.swift */,
				9B5FDD8921F3668F00B6E5A7 /* Settings.swift */,
			);
			path = Models;
			sourceTree = "<group>";
		};
		9B52857721E702E5008A75D5 /* Views */ = {
			isa = PBXGroup;
			children = (
				9B5285B221EAA958008A75D5 /* ItemCell.swift */,
				9B5285B821ECCF49008A75D5 /* PlaylistBar.swift */,
			);
			path = Views;
			sourceTree = "<group>";
		};
		9B5285BC21EECD50008A75D5 /* Assets */ = {
			isa = PBXGroup;
			children = (
				9B5285BF21EECDE6008A75D5 /* track1.m4a */,
				9B5285BE21EECDE6008A75D5 /* track2.m4a */,
				9B5285BD21EECDE6008A75D5 /* track3.m4a */,
				9BA44434220AB1E400F6FA36 /* track4.m4a */,
			);
			path = Assets;
			sourceTree = "<group>";
		};
		9B6F724321E490AB00538D25 = {
			isa = PBXGroup;
			children = (
				9B1CE72021F9FBB700F0A18A /* .swiftlint.yml */,
				9B6F724E21E490AB00538D25 /* ABFlow */,
				9B6F726321E490AD00538D25 /* ABFlowTests */,
				9B6F724D21E490AB00538D25 /* Products */,
				29A00EE8B921385039DB6E26 /* Pods */,
				AAE98203475EFFB6D9683E62 /* Frameworks */,
			);
			sourceTree = "<group>";
		};
		9B6F724D21E490AB00538D25 /* Products */ = {
			isa = PBXGroup;
			children = (
				9B6F724C21E490AB00538D25 /* ABFlow.app */,
				9B6F726021E490AD00538D25 /* ABFlowTests.xctest */,
			);
			name = Products;
			sourceTree = "<group>";
		};
		9B6F724E21E490AB00538D25 /* ABFlow */ = {
			isa = PBXGroup;
			children = (
				9B52857621E702DF008A75D5 /* Models */,
				9B52857721E702E5008A75D5 /* Views */,
				9B52857521E702D7008A75D5 /* Controllers */,
				9B5285BC21EECD50008A75D5 /* Assets */,
				9B6F724F21E490AB00538D25 /* AppDelegate.swift */,
				9B6F725621E490AD00538D25 /* Assets.xcassets */,
				9B6F725821E490AD00538D25 /* LaunchScreen.storyboard */,
				9B6F725B21E490AD00538D25 /* Info.plist */,
				9B5285A621E99E68008A75D5 /* Localizable.strings */,
				9B5285A021E99B68008A75D5 /* InfoPlist.strings */,
			);
			path = ABFlow;
			sourceTree = "<group>";
		};
		9B6F726321E490AD00538D25 /* ABFlowTests */ = {
			isa = PBXGroup;
			children = (
				9B6F726421E490AD00538D25 /* ABFlowTests.swift */,
				9B6F726621E490AD00538D25 /* Info.plist */,
			);
			path = ABFlowTests;
			sourceTree = "<group>";
		};
		AAE98203475EFFB6D9683E62 /* Frameworks */ = {
			isa = PBXGroup;
			children = (
				F0DEFAD6EBE513723648B9E5 /* Pods_ABFlow.framework */,
				F8292E70E79674EE5146D64F /* Pods_ABFlowTests.framework */,
			);
			name = Frameworks;
			sourceTree = "<group>";
		};
/* End PBXGroup section */

/* Begin PBXNativeTarget section */
		9B6F724B21E490AB00538D25 /* ABFlow */ = {
			isa = PBXNativeTarget;
			buildConfigurationList = 9B6F726921E490AD00538D25 /* Build configuration list for PBXNativeTarget "ABFlow" */;
			buildPhases = (
				DC8C28671489C8AC91CD33D4 /* [CP] Check Pods Manifest.lock */,
				9B6F724821E490AB00538D25 /* Sources */,
				9B6F724921E490AB00538D25 /* Frameworks */,
				9B6F724A21E490AB00538D25 /* Resources */,
				49E829E4DF2A7B1B7E9403BC /* [CP] Embed Pods Frameworks */,
				9B1CE71F21F9FA8000F0A18A /* ShellScript */,
			);
			buildRules = (
			);
			dependencies = (
			);
			name = ABFlow;
			productName = ABFlow;
			productReference = 9B6F724C21E490AB00538D25 /* ABFlow.app */;
			productType = "com.apple.product-type.application";
		};
		9B6F725F21E490AD00538D25 /* ABFlowTests */ = {
			isa = PBXNativeTarget;
			buildConfigurationList = 9B6F726C21E490AD00538D25 /* Build configuration list for PBXNativeTarget "ABFlowTests" */;
			buildPhases = (
				64C777B42B477A488EC743D8 /* [CP] Check Pods Manifest.lock */,
				9B6F725C21E490AD00538D25 /* Sources */,
				9B6F725D21E490AD00538D25 /* Frameworks */,
				9B6F725E21E490AD00538D25 /* Resources */,
			);
			buildRules = (
			);
			dependencies = (
				9B6F726221E490AD00538D25 /* PBXTargetDependency */,
			);
			name = ABFlowTests;
			productName = ABFlowTests;
			productReference = 9B6F726021E490AD00538D25 /* ABFlowTests.xctest */;
			productType = "com.apple.product-type.bundle.unit-test";
		};
/* End PBXNativeTarget section */

/* Begin PBXProject section */
		9B6F724421E490AB00538D25 /* Project object */ = {
			isa = PBXProject;
			attributes = {
				LastSwiftUpdateCheck = 1010;
				LastUpgradeCheck = 1010;
				ORGANIZATIONNAME = tnantoka;
				TargetAttributes = {
					9B6F724B21E490AB00538D25 = {
						CreatedOnToolsVersion = 10.1;
						SystemCapabilities = {
							com.apple.BackgroundModes = {
								enabled = 1;
							};
						};
					};
					9B6F725F21E490AD00538D25 = {
						CreatedOnToolsVersion = 10.1;
						TestTargetID = 9B6F724B21E490AB00538D25;
					};
				};
			};
			buildConfigurationList = 9B6F724721E490AB00538D25 /* Build configuration list for PBXProject "ABFlow" */;
			compatibilityVersion = "Xcode 9.3";
			developmentRegion = en;
			hasScannedForEncodings = 0;
			knownRegions = (
				en,
				Base,
				ja,
			);
			mainGroup = 9B6F724321E490AB00538D25;
			productRefGroup = 9B6F724D21E490AB00538D25 /* Products */;
			projectDirPath = "";
			projectRoot = "";
			targets = (
				9B6F724B21E490AB00538D25 /* ABFlow */,
				9B6F725F21E490AD00538D25 /* ABFlowTests */,
			);
		};
/* End PBXProject section */

/* Begin PBXResourcesBuildPhase section */
		9B6F724A21E490AB00538D25 /* Resources */ = {
			isa = PBXResourcesBuildPhase;
			buildActionMask = 2147483647;
			files = (
				9B6F725A21E490AD00538D25 /* LaunchScreen.storyboard in Resources */,
				9B5285A421E99E68008A75D5 /* Localizable.strings in Resources */,
				9B5285C021EECF47008A75D5 /* track1.m4a in Resources */,
				9BA44435220AB1E400F6FA36 /* track4.m4a in Resources */,
				9B5285C121EECF50008A75D5 /* track2.m4a in Resources */,
				9B5285C221EECF53008A75D5 /* track3.m4a in Resources */,
				9B52859E21E99B68008A75D5 /* InfoPlist.strings in Resources */,
				9B6F725721E490AD00538D25 /* Assets.xcassets in Resources */,
			);
			runOnlyForDeploymentPostprocessing = 0;
		};
		9B6F725E21E490AD00538D25 /* Resources */ = {
			isa = PBXResourcesBuildPhase;
			buildActionMask = 2147483647;
			files = (
			);
			runOnlyForDeploymentPostprocessing = 0;
		};
/* End PBXResourcesBuildPhase section */

/* Begin PBXShellScriptBuildPhase section */
		49E829E4DF2A7B1B7E9403BC /* [CP] Embed Pods Frameworks */ = {
			isa = PBXShellScriptBuildPhase;
			buildActionMask = 2147483647;
			files = (
			);
			inputFileListPaths = (
			);
			inputPaths = (
				"${SRCROOT}/Pods/Target Support Files/Pods-ABFlow/Pods-ABFlow-frameworks.sh",
				"${BUILT_PRODUCTS_DIR}/AdFooter/AdFooter.framework",
				"${BUILT_PRODUCTS_DIR}/Keys/Keys.framework",
				"${BUILT_PRODUCTS_DIR}/SwiftIconFont/SwiftIconFont.framework",
			);
			name = "[CP] Embed Pods Frameworks";
			outputFileListPaths = (
			);
			outputPaths = (
				"${TARGET_BUILD_DIR}/${FRAMEWORKS_FOLDER_PATH}/AdFooter.framework",
				"${TARGET_BUILD_DIR}/${FRAMEWORKS_FOLDER_PATH}/Keys.framework",
				"${TARGET_BUILD_DIR}/${FRAMEWORKS_FOLDER_PATH}/SwiftIconFont.framework",
			);
			runOnlyForDeploymentPostprocessing = 0;
			shellPath = /bin/sh;
			shellScript = "\"${SRCROOT}/Pods/Target Support Files/Pods-ABFlow/Pods-ABFlow-frameworks.sh\"\n";
			showEnvVarsInLog = 0;
		};
		64C777B42B477A488EC743D8 /* [CP] Check Pods Manifest.lock */ = {
			isa = PBXShellScriptBuildPhase;
			buildActionMask = 2147483647;
			files = (
			);
			inputFileListPaths = (
			);
			inputPaths = (
				"${PODS_PODFILE_DIR_PATH}/Podfile.lock",
				"${PODS_ROOT}/Manifest.lock",
			);
			name = "[CP] Check Pods Manifest.lock";
			outputFileListPaths = (
			);
			outputPaths = (
				"$(DERIVED_FILE_DIR)/Pods-ABFlowTests-checkManifestLockResult.txt",
			);
			runOnlyForDeploymentPostprocessing = 0;
			shellPath = /bin/sh;
			shellScript = "diff \"${PODS_PODFILE_DIR_PATH}/Podfile.lock\" \"${PODS_ROOT}/Manifest.lock\" > /dev/null\nif [ $? != 0 ] ; then\n    # print error to STDERR\n    echo \"error: The sandbox is not in sync with the Podfile.lock. Run 'pod install' or update your CocoaPods installation.\" >&2\n    exit 1\nfi\n# This output is used by Xcode 'outputs' to avoid re-running this script phase.\necho \"SUCCESS\" > \"${SCRIPT_OUTPUT_FILE_0}\"\n";
			showEnvVarsInLog = 0;
		};
		9B1CE71F21F9FA8000F0A18A /* ShellScript */ = {
			isa = PBXShellScriptBuildPhase;
			buildActionMask = 2147483647;
			files = (
			);
			inputFileListPaths = (
			);
			inputPaths = (
			);
			outputFileListPaths = (
			);
			outputPaths = (
			);
			runOnlyForDeploymentPostprocessing = 0;
			shellPath = /bin/sh;
			shellScript = "\"${PODS_ROOT}/SwiftLint/swiftlint\"\n";
		};
		DC8C28671489C8AC91CD33D4 /* [CP] Check Pods Manifest.lock */ = {
			isa = PBXShellScriptBuildPhase;
			buildActionMask = 2147483647;
			files = (
			);
			inputFileListPaths = (
			);
			inputPaths = (
				"${PODS_PODFILE_DIR_PATH}/Podfile.lock",
				"${PODS_ROOT}/Manifest.lock",
			);
			name = "[CP] Check Pods Manifest.lock";
			outputFileListPaths = (
			);
			outputPaths = (
				"$(DERIVED_FILE_DIR)/Pods-ABFlow-checkManifestLockResult.txt",
			);
			runOnlyForDeploymentPostprocessing = 0;
			shellPath = /bin/sh;
			shellScript = "diff \"${PODS_PODFILE_DIR_PATH}/Podfile.lock\" \"${PODS_ROOT}/Manifest.lock\" > /dev/null\nif [ $? != 0 ] ; then\n    # print error to STDERR\n    echo \"error: The sandbox is not in sync with the Podfile.lock. Run 'pod install' or update your CocoaPods installation.\" >&2\n    exit 1\nfi\n# This output is used by Xcode 'outputs' to avoid re-running this script phase.\necho \"SUCCESS\" > \"${SCRIPT_OUTPUT_FILE_0}\"\n";
			showEnvVarsInLog = 0;
		};
/* End PBXShellScriptBuildPhase section */

/* Begin PBXSourcesBuildPhase section */
		9B6F724821E490AB00538D25 /* Sources */ = {
			isa = PBXSourcesBuildPhase;
			buildActionMask = 2147483647;
			files = (
				9B5285B521EAB624008A75D5 /* NavigationController.swift in Sources */,
				9B5285AB21E9AE4A008A75D5 /* EditTrackViewController.swift in Sources */,
				9B5285B121EA03FC008A75D5 /* Util.swift in Sources */,
				9B52859B21E8707B008A75D5 /* TracksViewController.swift in Sources */,
				9B5285BB21ED8DE2008A75D5 /* PlaylistModalViewController.swift in Sources */,
				9B5285B321EAA958008A75D5 /* ItemCell.swift in Sources */,
				9B5285AD21E9B963008A75D5 /* Color.swift in Sources */,
				9B5285B721EACB7E008A75D5 /* BackgroundPlayer.swift in Sources */,
				9B5285B921ECCF49008A75D5 /* PlaylistBar.swift in Sources */,
				9B5FDD8A21F3668F00B6E5A7 /* Settings.swift in Sources */,
				9B5285A921E9A9C5008A75D5 /* Track.swift in Sources */,
				9B52857B21E7032E008A75D5 /* PlaylistsViewController.swift in Sources */,
				9B6F725021E490AB00538D25 /* AppDelegate.swift in Sources */,
				9B52857921E70300008A75D5 /* Playlist.swift in Sources */,
			);
			runOnlyForDeploymentPostprocessing = 0;
		};
		9B6F725C21E490AD00538D25 /* Sources */ = {
			isa = PBXSourcesBuildPhase;
			buildActionMask = 2147483647;
			files = (
				9B6F726521E490AD00538D25 /* ABFlowTests.swift in Sources */,
			);
			runOnlyForDeploymentPostprocessing = 0;
		};
/* End PBXSourcesBuildPhase section */

/* Begin PBXTargetDependency section */
		9B6F726221E490AD00538D25 /* PBXTargetDependency */ = {
			isa = PBXTargetDependency;
			target = 9B6F724B21E490AB00538D25 /* ABFlow */;
			targetProxy = 9B6F726121E490AD00538D25 /* PBXContainerItemProxy */;
		};
/* End PBXTargetDependency section */

/* Begin PBXVariantGroup section */
		9B5285A021E99B68008A75D5 /* InfoPlist.strings */ = {
			isa = PBXVariantGroup;
			children = (
				9B52859F21E99B68008A75D5 /* en */,
				9B5285A121E99B76008A75D5 /* ja */,
			);
			name = InfoPlist.strings;
			sourceTree = "<group>";
		};
		9B5285A621E99E68008A75D5 /* Localizable.strings */ = {
			isa = PBXVariantGroup;
			children = (
				9B5285A521E99E68008A75D5 /* en */,
				9B5285A721E99E69008A75D5 /* ja */,
			);
			name = Localizable.strings;
			sourceTree = "<group>";
		};
		9B6F725821E490AD00538D25 /* LaunchScreen.storyboard */ = {
			isa = PBXVariantGroup;
			children = (
				9B6F725921E490AD00538D25 /* Base */,
			);
			name = LaunchScreen.storyboard;
			sourceTree = "<group>";
		};
/* End PBXVariantGroup section */

/* Begin XCBuildConfiguration section */
		9B6F726721E490AD00538D25 /* Debug */ = {
			isa = XCBuildConfiguration;
			buildSettings = {
				ALWAYS_SEARCH_USER_PATHS = NO;
				CLANG_ANALYZER_LOCALIZABILITY_NONLOCALIZED = YES;
				CLANG_ANALYZER_NONNULL = YES;
				CLANG_ANALYZER_NUMBER_OBJECT_CONVERSION = YES_AGGRESSIVE;
				CLANG_CXX_LANGUAGE_STANDARD = "gnu++14";
				CLANG_CXX_LIBRARY = "libc++";
				CLANG_ENABLE_MODULES = YES;
				CLANG_ENABLE_OBJC_ARC = YES;
				CLANG_ENABLE_OBJC_WEAK = YES;
				CLANG_WARN_BLOCK_CAPTURE_AUTORELEASING = YES;
				CLANG_WARN_BOOL_CONVERSION = YES;
				CLANG_WARN_COMMA = YES;
				CLANG_WARN_CONSTANT_CONVERSION = YES;
				CLANG_WARN_DEPRECATED_OBJC_IMPLEMENTATIONS = YES;
				CLANG_WARN_DIRECT_OBJC_ISA_USAGE = YES_ERROR;
				CLANG_WARN_DOCUMENTATION_COMMENTS = YES;
				CLANG_WARN_EMPTY_BODY = YES;
				CLANG_WARN_ENUM_CONVERSION = YES;
				CLANG_WARN_INFINITE_RECURSION = YES;
				CLANG_WARN_INT_CONVERSION = YES;
				CLANG_WARN_NON_LITERAL_NULL_CONVERSION = YES;
				CLANG_WARN_OBJC_IMPLICIT_RETAIN_SELF = YES;
				CLANG_WARN_OBJC_LITERAL_CONVERSION = YES;
				CLANG_WARN_OBJC_ROOT_CLASS = YES_ERROR;
				CLANG_WARN_RANGE_LOOP_ANALYSIS = YES;
				CLANG_WARN_STRICT_PROTOTYPES = YES;
				CLANG_WARN_SUSPICIOUS_MOVE = YES;
				CLANG_WARN_UNGUARDED_AVAILABILITY = YES_AGGRESSIVE;
				CLANG_WARN_UNREACHABLE_CODE = YES;
				CLANG_WARN__DUPLICATE_METHOD_MATCH = YES;
				CODE_SIGN_IDENTITY = "iPhone Developer";
				COPY_PHASE_STRIP = NO;
				DEBUG_INFORMATION_FORMAT = dwarf;
				ENABLE_STRICT_OBJC_MSGSEND = YES;
				ENABLE_TESTABILITY = YES;
				GCC_C_LANGUAGE_STANDARD = gnu11;
				GCC_DYNAMIC_NO_PIC = NO;
				GCC_NO_COMMON_BLOCKS = YES;
				GCC_OPTIMIZATION_LEVEL = 0;
				GCC_PREPROCESSOR_DEFINITIONS = (
					"DEBUG=1",
					"$(inherited)",
				);
				GCC_WARN_64_TO_32_BIT_CONVERSION = YES;
				GCC_WARN_ABOUT_RETURN_TYPE = YES_ERROR;
				GCC_WARN_UNDECLARED_SELECTOR = YES;
				GCC_WARN_UNINITIALIZED_AUTOS = YES_AGGRESSIVE;
				GCC_WARN_UNUSED_FUNCTION = YES;
				GCC_WARN_UNUSED_VARIABLE = YES;
				IPHONEOS_DEPLOYMENT_TARGET = 11.0;
				MTL_ENABLE_DEBUG_INFO = INCLUDE_SOURCE;
				MTL_FAST_MATH = YES;
				ONLY_ACTIVE_ARCH = YES;
				SDKROOT = iphoneos;
				SWIFT_ACTIVE_COMPILATION_CONDITIONS = DEBUG;
				SWIFT_OPTIMIZATION_LEVEL = "-Onone";
			};
			name = Debug;
		};
		9B6F726821E490AD00538D25 /* Release */ = {
			isa = XCBuildConfiguration;
			buildSettings = {
				ALWAYS_SEARCH_USER_PATHS = NO;
				CLANG_ANALYZER_LOCALIZABILITY_NONLOCALIZED = YES;
				CLANG_ANALYZER_NONNULL = YES;
				CLANG_ANALYZER_NUMBER_OBJECT_CONVERSION = YES_AGGRESSIVE;
				CLANG_CXX_LANGUAGE_STANDARD = "gnu++14";
				CLANG_CXX_LIBRARY = "libc++";
				CLANG_ENABLE_MODULES = YES;
				CLANG_ENABLE_OBJC_ARC = YES;
				CLANG_ENABLE_OBJC_WEAK = YES;
				CLANG_WARN_BLOCK_CAPTURE_AUTORELEASING = YES;
				CLANG_WARN_BOOL_CONVERSION = YES;
				CLANG_WARN_COMMA = YES;
				CLANG_WARN_CONSTANT_CONVERSION = YES;
				CLANG_WARN_DEPRECATED_OBJC_IMPLEMENTATIONS = YES;
				CLANG_WARN_DIRECT_OBJC_ISA_USAGE = YES_ERROR;
				CLANG_WARN_DOCUMENTATION_COMMENTS = YES;
				CLANG_WARN_EMPTY_BODY = YES;
				CLANG_WARN_ENUM_CONVERSION = YES;
				CLANG_WARN_INFINITE_RECURSION = YES;
				CLANG_WARN_INT_CONVERSION = YES;
				CLANG_WARN_NON_LITERAL_NULL_CONVERSION = YES;
				CLANG_WARN_OBJC_IMPLICIT_RETAIN_SELF = YES;
				CLANG_WARN_OBJC_LITERAL_CONVERSION = YES;
				CLANG_WARN_OBJC_ROOT_CLASS = YES_ERROR;
				CLANG_WARN_RANGE_LOOP_ANALYSIS = YES;
				CLANG_WARN_STRICT_PROTOTYPES = YES;
				CLANG_WARN_SUSPICIOUS_MOVE = YES;
				CLANG_WARN_UNGUARDED_AVAILABILITY = YES_AGGRESSIVE;
				CLANG_WARN_UNREACHABLE_CODE = YES;
				CLANG_WARN__DUPLICATE_METHOD_MATCH = YES;
				CODE_SIGN_IDENTITY = "iPhone Developer";
				COPY_PHASE_STRIP = NO;
				DEBUG_INFORMATION_FORMAT = "dwarf-with-dsym";
				ENABLE_NS_ASSERTIONS = NO;
				ENABLE_STRICT_OBJC_MSGSEND = YES;
				GCC_C_LANGUAGE_STANDARD = gnu11;
				GCC_NO_COMMON_BLOCKS = YES;
				GCC_WARN_64_TO_32_BIT_CONVERSION = YES;
				GCC_WARN_ABOUT_RETURN_TYPE = YES_ERROR;
				GCC_WARN_UNDECLARED_SELECTOR = YES;
				GCC_WARN_UNINITIALIZED_AUTOS = YES_AGGRESSIVE;
				GCC_WARN_UNUSED_FUNCTION = YES;
				GCC_WARN_UNUSED_VARIABLE = YES;
				IPHONEOS_DEPLOYMENT_TARGET = 11.0;
				MTL_ENABLE_DEBUG_INFO = NO;
				MTL_FAST_MATH = YES;
				SDKROOT = iphoneos;
				SWIFT_COMPILATION_MODE = wholemodule;
				SWIFT_OPTIMIZATION_LEVEL = "-O";
				VALIDATE_PRODUCT = YES;
			};
			name = Release;
		};
		9B6F726A21E490AD00538D25 /* Debug */ = {
			isa = XCBuildConfiguration;
			baseConfigurationReference = 2245E034B652A7F2384BB0DA /* Pods-ABFlow.debug.xcconfig */;
			buildSettings = {
				ASSETCATALOG_COMPILER_APPICON_NAME = AppIcon;
				CODE_SIGN_STYLE = Automatic;
				DEVELOPMENT_TEAM = H4Z42X3L6X;
				INFOPLIST_FILE = ABFlow/Info.plist;
				LD_RUNPATH_SEARCH_PATHS = (
					"$(inherited)",
					"@executable_path/Frameworks",
				);
				PRODUCT_BUNDLE_IDENTIFIER = com.chickenknife.ABFlow;
				PRODUCT_NAME = "$(TARGET_NAME)";
				SWIFT_VERSION = 4.2;
				TARGETED_DEVICE_FAMILY = 1;
			};
			name = Debug;
		};
		9B6F726B21E490AD00538D25 /* Release */ = {
			isa = XCBuildConfiguration;
			baseConfigurationReference = 320B61B15339526FE3D668A6 /* Pods-ABFlow.release.xcconfig */;
			buildSettings = {
				ASSETCATALOG_COMPILER_APPICON_NAME = AppIcon;
				CODE_SIGN_STYLE = Automatic;
				DEVELOPMENT_TEAM = H4Z42X3L6X;
				INFOPLIST_FILE = ABFlow/Info.plist;
				LD_RUNPATH_SEARCH_PATHS = (
					"$(inherited)",
					"@executable_path/Frameworks",
				);
				PRODUCT_BUNDLE_IDENTIFIER = com.chickenknife.ABFlow;
				PRODUCT_NAME = "$(TARGET_NAME)";
				SWIFT_VERSION = 4.2;
				TARGETED_DEVICE_FAMILY = 1;
			};
			name = Release;
		};
		9B6F726D21E490AD00538D25 /* Debug */ = {
			isa = XCBuildConfiguration;
			baseConfigurationReference = AB1730157652D417D8EB9B07 /* Pods-ABFlowTests.debug.xcconfig */;
			buildSettings = {
				ALWAYS_EMBED_SWIFT_STANDARD_LIBRARIES = YES;
				BUNDLE_LOADER = "$(TEST_HOST)";
				CODE_SIGN_STYLE = Automatic;
				INFOPLIST_FILE = ABFlowTests/Info.plist;
				LD_RUNPATH_SEARCH_PATHS = (
					"$(inherited)",
					"@executable_path/Frameworks",
					"@loader_path/Frameworks",
				);
				PRODUCT_BUNDLE_IDENTIFIER = com.chickenknife.ABFlowTests;
				PRODUCT_NAME = "$(TARGET_NAME)";
				SWIFT_VERSION = 4.2;
				TARGETED_DEVICE_FAMILY = "1,2";
				TEST_HOST = "$(BUILT_PRODUCTS_DIR)/ABFlow.app/ABFlow";
			};
			name = Debug;
		};
		9B6F726E21E490AD00538D25 /* Release */ = {
			isa = XCBuildConfiguration;
			baseConfigurationReference = 1B8B47AC18EEF28628C07AE5 /* Pods-ABFlowTests.release.xcconfig */;
			buildSettings = {
				ALWAYS_EMBED_SWIFT_STANDARD_LIBRARIES = YES;
				BUNDLE_LOADER = "$(TEST_HOST)";
				CODE_SIGN_STYLE = Automatic;
				INFOPLIST_FILE = ABFlowTests/Info.plist;
				LD_RUNPATH_SEARCH_PATHS = (
					"$(inherited)",
					"@executable_path/Frameworks",
					"@loader_path/Frameworks",
				);
				PRODUCT_BUNDLE_IDENTIFIER = com.chickenknife.ABFlowTests;
				PRODUCT_NAME = "$(TARGET_NAME)";
				SWIFT_VERSION = 4.2;
				TARGETED_DEVICE_FAMILY = "1,2";
				TEST_HOST = "$(BUILT_PRODUCTS_DIR)/ABFlow.app/ABFlow";
			};
			name = Release;
		};
/* End XCBuildConfiguration section */

/* Begin XCConfigurationList section */
		9B6F724721E490AB00538D25 /* Build configuration list for PBXProject "ABFlow" */ = {
			isa = XCConfigurationList;
			buildConfigurations = (
				9B6F726721E490AD00538D25 /* Debug */,
				9B6F726821E490AD00538D25 /* Release */,
			);
			defaultConfigurationIsVisible = 0;
			defaultConfigurationName = Release;
		};
		9B6F726921E490AD00538D25 /* Build configuration list for PBXNativeTarget "ABFlow" */ = {
			isa = XCConfigurationList;
			buildConfigurations = (
				9B6F726A21E490AD00538D25 /* Debug */,
				9B6F726B21E490AD00538D25 /* Release */,
			);
			defaultConfigurationIsVisible = 0;
			defaultConfigurationName = Release;
		};
		9B6F726C21E490AD00538D25 /* Build configuration list for PBXNativeTarget "ABFlowTests" */ = {
			isa = XCConfigurationList;
			buildConfigurations = (
				9B6F726D21E490AD00538D25 /* Debug */,
				9B6F726E21E490AD00538D25 /* Release */,
			);
			defaultConfigurationIsVisible = 0;
			defaultConfigurationName = Release;
		};
/* End XCConfigurationList section */
	};
	rootObject = 9B6F724421E490AB00538D25 /* Project object */;
}
